
Microsoft Visual Studio Solution File, Format Version 12.00
# Visual Studio Version 16
VisualStudioVersion = 16.0.31019.35
MinimumVisualStudioVersion = 10.0.40219.1
Project("{FAE04EC0-301F-11D3-BF4B-00C04F79EFBC}") = "lab4", "lab4\lab4.csproj", "{D4D9FC76-4FC9-4F35-B14B-EB5461E65773}"
EndProject
Global
	GlobalSection(SolutionConfigurationPlatforms) = preSolution
		Debug|Any CPU = Debug|Any CPU
		Release|Any CPU = Release|Any CPU
	EndGlobalSection
	GlobalSection(ProjectConfigurationPlatforms) = postSolution
		{D4D9FC76-4FC9-4F35-B14B-EB5461E65773}.Debug|Any CPU.ActiveCfg = Debug|Any CPU
		{D4D9FC76-4FC9-4F35-B14B-EB5461E65773}.Debug|Any CPU.Build.0 = Debug|Any CPU
		{D4D9FC76-4FC9-4F35-B14B-EB5461E65773}.Release|Any CPU.ActiveCfg = Release|Any CPU
		{D4D9FC76-4FC9-4F35-B14B-EB5461E65773}.Release|Any CPU.Build.0 = Release|Any CPU
	EndGlobalSection
	GlobalSection(SolutionProperties) = preSolution
		HideSolutionNode = FALSE
	EndGlobalSection
	GlobalSection(ExtensibilityGlobals) = postSolution
		SolutionGuid = {310CDFC5-9188-47D4-B0A1-8D0DC15FB5F3}
	EndGlobalSection
EndGlobal
